{
  "name": "@nfactorial/webgl_display",
  "version": "0.0.1",
  "lockfileVersion": 1,
  "requires": true,
  "dependencies": {
    "@nfactorial/webgl_helper": {
      "version": "0.0.3",
      "resolved": "https://registry.npmjs.org/@nfactorial/webgl_helper/-/webgl_helper-0.0.3.tgz",
      "integrity": "sha512-7+HXjweC1/1YxVS+ogKcohN5Gt+w6v4AGbCwzyL87S0ft28xm3OAapGGCU6ylLYV3CwvJpLAYYTIouhOC8Rxrg==",
      "dev": true
    }
  }
}
